// !$*UTF8*$!
{
	archiveVersion = 1;
	classes = {
	};
	objectVersion = 46;
	objects = {

/* Begin PBXBuildFile section */
		4F90077D17BA9B3E009D2480 /* FUIAlertView.m in Sources */ = {isa = PBXBuildFile; fileRef = 4F90075A17BA9B3E009D2480 /* FUIAlertView.m */; };
		4F90077E17BA9B3E009D2480 /* FUIButton.m in Sources */ = {isa = PBXBuildFile; fileRef = 4F90075C17BA9B3E009D2480 /* FUIButton.m */; };
		4F90077F17BA9B3E009D2480 /* FUICellBackgroundView.m in Sources */ = {isa = PBXBuildFile; fileRef = 4F90075E17BA9B3E009D2480 /* FUICellBackgroundView.m */; };
		4F90078017BA9B3E009D2480 /* FUIPopoverBackgroundView.m in Sources */ = {isa = PBXBuildFile; fileRef = 4F90076017BA9B3E009D2480 /* FUIPopoverBackgroundView.m */; };
		4F90078117BA9B3E009D2480 /* FUISegmentedControl.m in Sources */ = {isa = PBXBuildFile; fileRef = 4F90076217BA9B3E009D2480 /* FUISegmentedControl.m */; };
		4F90078217BA9B3E009D2480 /* FUISwitch.m in Sources */ = {isa = PBXBuildFile; fileRef = 4F90076417BA9B3E009D2480 /* FUISwitch.m */; };
		4F90078317BA9B3E009D2480 /* UIBarButtonItem+FlatUI.m in Sources */ = {isa = PBXBuildFile; fileRef = 4F90076617BA9B3E009D2480 /* UIBarButtonItem+FlatUI.m */; };
		4F90078417BA9B3E009D2480 /* UIColor+FlatUI.m in Sources */ = {isa = PBXBuildFile; fileRef = 4F90076817BA9B3E009D2480 /* UIColor+FlatUI.m */; };
		4F90078517BA9B3E009D2480 /* UIFont+FlatUI.m in Sources */ = {isa = PBXBuildFile; fileRef = 4F90076A17BA9B3E009D2480 /* UIFont+FlatUI.m */; };
		4F90078617BA9B3E009D2480 /* UIImage+FlatUI.m in Sources */ = {isa = PBXBuildFile; fileRef = 4F90076C17BA9B3E009D2480 /* UIImage+FlatUI.m */; };
		4F90078717BA9B3E009D2480 /* UINavigationBar+FlatUI.m in Sources */ = {isa = PBXBuildFile; fileRef = 4F90076E17BA9B3E009D2480 /* UINavigationBar+FlatUI.m */; };
		4F90078817BA9B3E009D2480 /* UIPopoverController+FlatUI.m in Sources */ = {isa = PBXBuildFile; fileRef = 4F90077017BA9B3E009D2480 /* UIPopoverController+FlatUI.m */; };
		4F90078917BA9B3E009D2480 /* UIProgressView+FlatUI.m in Sources */ = {isa = PBXBuildFile; fileRef = 4F90077217BA9B3E009D2480 /* UIProgressView+FlatUI.m */; };
		4F90078A17BA9B3E009D2480 /* UISlider+FlatUI.m in Sources */ = {isa = PBXBuildFile; fileRef = 4F90077417BA9B3E009D2480 /* UISlider+FlatUI.m */; };
		4F90078B17BA9B3E009D2480 /* UIStepper+FlatUI.m in Sources */ = {isa = PBXBuildFile; fileRef = 4F90077617BA9B3E009D2480 /* UIStepper+FlatUI.m */; };
		4F90078C17BA9B3E009D2480 /* UITabBar+FlatUI.m in Sources */ = {isa = PBXBuildFile; fileRef = 4F90077817BA9B3E009D2480 /* UITabBar+FlatUI.m */; };
		4F90078D17BA9B3E009D2480 /* UITableViewCell+FlatUI.m in Sources */ = {isa = PBXBuildFile; fileRef = 4F90077A17BA9B3E009D2480 /* UITableViewCell+FlatUI.m */; };
		4F90078E17BA9B3E009D2480 /* UIToolbar+FlatUI.m in Sources */ = {isa = PBXBuildFile; fileRef = 4F90077C17BA9B3E009D2480 /* UIToolbar+FlatUI.m */; };
		4F90079A17BA9C14009D2480 /* Lato-Black.ttf in Resources */ = {isa = PBXBuildFile; fileRef = 4F90079017BA9C14009D2480 /* Lato-Black.ttf */; };
		4F90079B17BA9C14009D2480 /* Lato-BlackItalic.ttf in Resources */ = {isa = PBXBuildFile; fileRef = 4F90079117BA9C14009D2480 /* Lato-BlackItalic.ttf */; };
		4F90079C17BA9C14009D2480 /* Lato-Bold.ttf in Resources */ = {isa = PBXBuildFile; fileRef = 4F90079217BA9C14009D2480 /* Lato-Bold.ttf */; };
		4F90079D17BA9C14009D2480 /* Lato-BoldItalic.ttf in Resources */ = {isa = PBXBuildFile; fileRef = 4F90079317BA9C14009D2480 /* Lato-BoldItalic.ttf */; };
		4F90079E17BA9C14009D2480 /* Lato-Hairline.ttf in Resources */ = {isa = PBXBuildFile; fileRef = 4F90079417BA9C14009D2480 /* Lato-Hairline.ttf */; };
		4F90079F17BA9C14009D2480 /* Lato-HairlineItalic.ttf in Resources */ = {isa = PBXBuildFile; fileRef = 4F90079517BA9C14009D2480 /* Lato-HairlineItalic.ttf */; };
		4F9007A017BA9C14009D2480 /* Lato-Italic.ttf in Resources */ = {isa = PBXBuildFile; fileRef = 4F90079617BA9C14009D2480 /* Lato-Italic.ttf */; };
		4F9007A117BA9C14009D2480 /* Lato-Light.ttf in Resources */ = {isa = PBXBuildFile; fileRef = 4F90079717BA9C14009D2480 /* Lato-Light.ttf */; };
		4F9007A217BA9C14009D2480 /* Lato-LightItalic.ttf in Resources */ = {isa = PBXBuildFile; fileRef = 4F90079817BA9C14009D2480 /* Lato-LightItalic.ttf */; };
		4F9007A317BA9C14009D2480 /* Lato-Regular.ttf in Resources */ = {isa = PBXBuildFile; fileRef = 4F90079917BA9C14009D2480 /* Lato-Regular.ttf */; };
		4F9404DC17AD8D700035D461 /* UIKit.framework in Frameworks */ = {isa = PBXBuildFile; fileRef = 4F9404DB17AD8D700035D461 /* UIKit.framework */; };
		4F9404DE17AD8D700035D461 /* Foundation.framework in Frameworks */ = {isa = PBXBuildFile; fileRef = 4F9404DD17AD8D700035D461 /* Foundation.framework */; };
		4F9404E017AD8D700035D461 /* CoreGraphics.framework in Frameworks */ = {isa = PBXBuildFile; fileRef = 4F9404DF17AD8D700035D461 /* CoreGraphics.framework */; };
		4F9404E617AD8D700035D461 /* InfoPlist.strings in Resources */ = {isa = PBXBuildFile; fileRef = 4F9404E417AD8D700035D461 /* InfoPlist.strings */; };
		4F9404E817AD8D700035D461 /* main.m in Sources */ = {isa = PBXBuildFile; fileRef = 4F9404E717AD8D700035D461 /* main.m */; };
		4F9404EC17AD8D700035D461 /* AppDelegate.m in Sources */ = {isa = PBXBuildFile; fileRef = 4F9404EB17AD8D700035D461 /* AppDelegate.m */; };
		4F9404EE17AD8D700035D461 /* Default.png in Resources */ = {isa = PBXBuildFile; fileRef = 4F9404ED17AD8D700035D461 /* Default.png */; };
		4F9404F017AD8D700035D461 /* Default@2x.png in Resources */ = {isa = PBXBuildFile; fileRef = 4F9404EF17AD8D700035D461 /* Default@2x.png */; };
		4F9404F217AD8D700035D461 /* Default-568h@2x.png in Resources */ = {isa = PBXBuildFile; fileRef = 4F9404F117AD8D700035D461 /* Default-568h@2x.png */; };
		4F94063717AF0F410035D461 /* ViewController.m in Sources */ = {isa = PBXBuildFile; fileRef = 4F94063617AF0F410035D461 /* ViewController.m */; };
		4F94063E17AF12490035D461 /* CoreText.framework in Frameworks */ = {isa = PBXBuildFile; fileRef = 4F94063D17AF12490035D461 /* CoreText.framework */; };
		4F94064017AF12570035D461 /* QuartzCore.framework in Frameworks */ = {isa = PBXBuildFile; fileRef = 4F94063F17AF12570035D461 /* QuartzCore.framework */; };
		4F94069F17AF15320035D461 /* CoreLocation.framework in Frameworks */ = {isa = PBXBuildFile; fileRef = 4F94069E17AF15320035D461 /* CoreLocation.framework */; };
		4F9FD6E817B858BC00166870 /* FUIVerticalTabBar.m in Sources */ = {isa = PBXBuildFile; fileRef = 4F9FD6E117B858BC00166870 /* FUIVerticalTabBar.m */; };
		4F9FD6E917B858BC00166870 /* FUIVerticalTabBarButton.m in Sources */ = {isa = PBXBuildFile; fileRef = 4F9FD6E317B858BC00166870 /* FUIVerticalTabBarButton.m */; };
		4F9FD6EA17B858BC00166870 /* FUIVerticalTabBarController.m in Sources */ = {isa = PBXBuildFile; fileRef = 4F9FD6E517B858BC00166870 /* FUIVerticalTabBarController.m */; };
/* End PBXBuildFile section */

/* Begin PBXFileReference section */
		4F90075817BA9B3E009D2480 /* FlatUIKit.h */ = {isa = PBXFileReference; fileEncoding = 4; lastKnownFileType = sourcecode.c.h; name = FlatUIKit.h; path = ../../../Source/FlatUIKit/Classes/ios/FlatUIKit.h; sourceTree = "<group>"; };
		4F90075917BA9B3E009D2480 /* FUIAlertView.h */ = {isa = PBXFileReference; fileEncoding = 4; lastKnownFileType = sourcecode.c.h; name = FUIAlertView.h; path = ../../../Source/FlatUIKit/Classes/ios/FUIAlertView.h; sourceTree = "<group>"; };
		4F90075A17BA9B3E009D2480 /* FUIAlertView.m */ = {isa = PBXFileReference; fileEncoding = 4; lastKnownFileType = sourcecode.c.objc; name = FUIAlertView.m; path = ../../../Source/FlatUIKit/Classes/ios/FUIAlertView.m; sourceTree = "<group>"; };
		4F90075B17BA9B3E009D2480 /* FUIButton.h */ = {isa = PBXFileReference; fileEncoding = 4; lastKnownFileType = sourcecode.c.h; name = FUIButton.h; path = ../../../Source/FlatUIKit/Classes/ios/FUIButton.h; sourceTree = "<group>"; };
		4F90075C17BA9B3E009D2480 /* FUIButton.m */ = {isa = PBXFileReference; fileEncoding = 4; lastKnownFileType = sourcecode.c.objc; name = FUIButton.m; path = ../../../Source/FlatUIKit/Classes/ios/FUIButton.m; sourceTree = "<group>"; };
		4F90075D17BA9B3E009D2480 /* FUICellBackgroundView.h */ = {isa = PBXFileReference; fileEncoding = 4; lastKnownFileType = sourcecode.c.h; name = FUICellBackgroundView.h; path = ../../../Source/FlatUIKit/Classes/ios/FUICellBackgroundView.h; sourceTree = "<group>"; };
		4F90075E17BA9B3E009D2480 /* FUICellBackgroundView.m */ = {isa = PBXFileReference; fileEncoding = 4; lastKnownFileType = sourcecode.c.objc; name = FUICellBackgroundView.m; path = ../../../Source/FlatUIKit/Classes/ios/FUICellBackgroundView.m; sourceTree = "<group>"; };
		4F90075F17BA9B3E009D2480 /* FUIPopoverBackgroundView.h */ = {isa = PBXFileReference; fileEncoding = 4; lastKnownFileType = sourcecode.c.h; name = FUIPopoverBackgroundView.h; path = ../../../Source/FlatUIKit/Classes/ios/FUIPopoverBackgroundView.h; sourceTree = "<group>"; };
		4F90076017BA9B3E009D2480 /* FUIPopoverBackgroundView.m */ = {isa = PBXFileReference; fileEncoding = 4; lastKnownFileType = sourcecode.c.objc; name = FUIPopoverBackgroundView.m; path = ../../../Source/FlatUIKit/Classes/ios/FUIPopoverBackgroundView.m; sourceTree = "<group>"; };
		4F90076117BA9B3E009D2480 /* FUISegmentedControl.h */ = {isa = PBXFileReference; fileEncoding = 4; lastKnownFileType = sourcecode.c.h; name = FUISegmentedControl.h; path = ../../../Source/FlatUIKit/Classes/ios/FUISegmentedControl.h; sourceTree = "<group>"; };
		4F90076217BA9B3E009D2480 /* FUISegmentedControl.m */ = {isa = PBXFileReference; fileEncoding = 4; lastKnownFileType = sourcecode.c.objc; name = FUISegmentedControl.m; path = ../../../Source/FlatUIKit/Classes/ios/FUISegmentedControl.m; sourceTree = "<group>"; };
		4F90076317BA9B3E009D2480 /* FUISwitch.h */ = {isa = PBXFileReference; fileEncoding = 4; lastKnownFileType = sourcecode.c.h; name = FUISwitch.h; path = ../../../Source/FlatUIKit/Classes/ios/FUISwitch.h; sourceTree = "<group>"; };
		4F90076417BA9B3E009D2480 /* FUISwitch.m */ = {isa = PBXFileReference; fileEncoding = 4; lastKnownFileType = sourcecode.c.objc; name = FUISwitch.m; path = ../../../Source/FlatUIKit/Classes/ios/FUISwitch.m; sourceTree = "<group>"; };
		4F90076517BA9B3E009D2480 /* UIBarButtonItem+FlatUI.h */ = {isa = PBXFileReference; fileEncoding = 4; lastKnownFileType = sourcecode.c.h; name = "UIBarButtonItem+FlatUI.h"; path = "../../../Source/FlatUIKit/Classes/ios/UIBarButtonItem+FlatUI.h"; sourceTree = "<group>"; };
		4F90076617BA9B3E009D2480 /* UIBarButtonItem+FlatUI.m */ = {isa = PBXFileReference; fileEncoding = 4; lastKnownFileType = sourcecode.c.objc; name = "UIBarButtonItem+FlatUI.m"; path = "../../../Source/FlatUIKit/Classes/ios/UIBarButtonItem+FlatUI.m"; sourceTree = "<group>"; };
		4F90076717BA9B3E009D2480 /* UIColor+FlatUI.h */ = {isa = PBXFileReference; fileEncoding = 4; lastKnownFileType = sourcecode.c.h; name = "UIColor+FlatUI.h"; path = "../../../Source/FlatUIKit/Classes/ios/UIColor+FlatUI.h"; sourceTree = "<group>"; };
		4F90076817BA9B3E009D2480 /* UIColor+FlatUI.m */ = {isa = PBXFileReference; fileEncoding = 4; lastKnownFileType = sourcecode.c.objc; name = "UIColor+FlatUI.m"; path = "../../../Source/FlatUIKit/Classes/ios/UIColor+FlatUI.m"; sourceTree = "<group>"; };
		4F90076917BA9B3E009D2480 /* UIFont+FlatUI.h */ = {isa = PBXFileReference; fileEncoding = 4; lastKnownFileType = sourcecode.c.h; name = "UIFont+FlatUI.h"; path = "../../../Source/FlatUIKit/Classes/ios/UIFont+FlatUI.h"; sourceTree = "<group>"; };
		4F90076A17BA9B3E009D2480 /* UIFont+FlatUI.m */ = {isa = PBXFileReference; fileEncoding = 4; lastKnownFileType = sourcecode.c.objc; name = "UIFont+FlatUI.m"; path = "../../../Source/FlatUIKit/Classes/ios/UIFont+FlatUI.m"; sourceTree = "<group>"; };
		4F90076B17BA9B3E009D2480 /* UIImage+FlatUI.h */ = {isa = PBXFileReference; fileEncoding = 4; lastKnownFileType = sourcecode.c.h; name = "UIImage+FlatUI.h"; path = "../../../Source/FlatUIKit/Classes/ios/UIImage+FlatUI.h"; sourceTree = "<group>"; };
		4F90076C17BA9B3E009D2480 /* UIImage+FlatUI.m */ = {isa = PBXFileReference; fileEncoding = 4; lastKnownFileType = sourcecode.c.objc; name = "UIImage+FlatUI.m"; path = "../../../Source/FlatUIKit/Classes/ios/UIImage+FlatUI.m"; sourceTree = "<group>"; };
		4F90076D17BA9B3E009D2480 /* UINavigationBar+FlatUI.h */ = {isa = PBXFileReference; fileEncoding = 4; lastKnownFileType = sourcecode.c.h; name = "UINavigationBar+FlatUI.h"; path = "../../../Source/FlatUIKit/Classes/ios/UINavigationBar+FlatUI.h"; sourceTree = "<group>"; };
		4F90076E17BA9B3E009D2480 /* UINavigationBar+FlatUI.m */ = {isa = PBXFileReference; fileEncoding = 4; lastKnownFileType = sourcecode.c.objc; name = "UINavigationBar+FlatUI.m"; path = "../../../Source/FlatUIKit/Classes/ios/UINavigationBar+FlatUI.m"; sourceTree = "<group>"; };
		4F90076F17BA9B3E009D2480 /* UIPopoverController+FlatUI.h */ = {isa = PBXFileReference; fileEncoding = 4; lastKnownFileType = sourcecode.c.h; name = "UIPopoverController+FlatUI.h"; path = "../../../Source/FlatUIKit/Classes/ios/UIPopoverController+FlatUI.h"; sourceTree = "<group>"; };
		4F90077017BA9B3E009D2480 /* UIPopoverController+FlatUI.m */ = {isa = PBXFileReference; fileEncoding = 4; lastKnownFileType = sourcecode.c.objc; name = "UIPopoverController+FlatUI.m"; path = "../../../Source/FlatUIKit/Classes/ios/UIPopoverController+FlatUI.m"; sourceTree = "<group>"; };
		4F90077117BA9B3E009D2480 /* UIProgressView+FlatUI.h */ = {isa = PBXFileReference; fileEncoding = 4; lastKnownFileType = sourcecode.c.h; name = "UIProgressView+FlatUI.h"; path = "../../../Source/FlatUIKit/Classes/ios/UIProgressView+FlatUI.h"; sourceTree = "<group>"; };
		4F90077217BA9B3E009D2480 /* UIProgressView+FlatUI.m */ = {isa = PBXFileReference; fileEncoding = 4; lastKnownFileType = sourcecode.c.objc; name = "UIProgressView+FlatUI.m"; path = "../../../Source/FlatUIKit/Classes/ios/UIProgressView+FlatUI.m"; sourceTree = "<group>"; };
		4F90077317BA9B3E009D2480 /* UISlider+FlatUI.h */ = {isa = PBXFileReference; fileEncoding = 4; lastKnownFileType = sourcecode.c.h; name = "UISlider+FlatUI.h"; path = "../../../Source/FlatUIKit/Classes/ios/UISlider+FlatUI.h"; sourceTree = "<group>"; };
		4F90077417BA9B3E009D2480 /* UISlider+FlatUI.m */ = {isa = PBXFileReference; fileEncoding = 4; lastKnownFileType = sourcecode.c.objc; name = "UISlider+FlatUI.m"; path = "../../../Source/FlatUIKit/Classes/ios/UISlider+FlatUI.m"; sourceTree = "<group>"; };
		4F90077517BA9B3E009D2480 /* UIStepper+FlatUI.h */ = {isa = PBXFileReference; fileEncoding = 4; lastKnownFileType = sourcecode.c.h; name = "UIStepper+FlatUI.h"; path = "../../../Source/FlatUIKit/Classes/ios/UIStepper+FlatUI.h"; sourceTree = "<group>"; };
		4F90077617BA9B3E009D2480 /* UIStepper+FlatUI.m */ = {isa = PBXFileReference; fileEncoding = 4; lastKnownFileType = sourcecode.c.objc; name = "UIStepper+FlatUI.m"; path = "../../../Source/FlatUIKit/Classes/ios/UIStepper+FlatUI.m"; sourceTree = "<group>"; };
		4F90077717BA9B3E009D2480 /* UITabBar+FlatUI.h */ = {isa = PBXFileReference; fileEncoding = 4; lastKnownFileType = sourcecode.c.h; name = "UITabBar+FlatUI.h"; path = "../../../Source/FlatUIKit/Classes/ios/UITabBar+FlatUI.h"; sourceTree = "<group>"; };
		4F90077817BA9B3E009D2480 /* UITabBar+FlatUI.m */ = {isa = PBXFileReference; fileEncoding = 4; lastKnownFileType = sourcecode.c.objc; name = "UITabBar+FlatUI.m"; path = "../../../Source/FlatUIKit/Classes/ios/UITabBar+FlatUI.m"; sourceTree = "<group>"; };
		4F90077917BA9B3E009D2480 /* UITableViewCell+FlatUI.h */ = {isa = PBXFileReference; fileEncoding = 4; lastKnownFileType = sourcecode.c.h; name = "UITableViewCell+FlatUI.h"; path = "../../../Source/FlatUIKit/Classes/ios/UITableViewCell+FlatUI.h"; sourceTree = "<group>"; };
		4F90077A17BA9B3E009D2480 /* UITableViewCell+FlatUI.m */ = {isa = PBXFileReference; fileEncoding = 4; lastKnownFileType = sourcecode.c.objc; name = "UITableViewCell+FlatUI.m"; path = "../../../Source/FlatUIKit/Classes/ios/UITableViewCell+FlatUI.m"; sourceTree = "<group>"; };
		4F90077B17BA9B3E009D2480 /* UIToolbar+FlatUI.h */ = {isa = PBXFileReference; fileEncoding = 4; lastKnownFileType = sourcecode.c.h; name = "UIToolbar+FlatUI.h"; path = "../../../Source/FlatUIKit/Classes/ios/UIToolbar+FlatUI.h"; sourceTree = "<group>"; };
		4F90077C17BA9B3E009D2480 /* UIToolbar+FlatUI.m */ = {isa = PBXFileReference; fileEncoding = 4; lastKnownFileType = sourcecode.c.objc; name = "UIToolbar+FlatUI.m"; path = "../../../Source/FlatUIKit/Classes/ios/UIToolbar+FlatUI.m"; sourceTree = "<group>"; };
		4F90079017BA9C14009D2480 /* Lato-Black.ttf */ = {isa = PBXFileReference; lastKnownFileType = file; name = "Lato-Black.ttf"; path = "../../../Source/FlatUIKit/Resources/Lato-Black.ttf"; sourceTree = "<group>"; };
		4F90079117BA9C14009D2480 /* Lato-BlackItalic.ttf */ = {isa = PBXFileReference; lastKnownFileType = file; name = "Lato-BlackItalic.ttf"; path = "../../../Source/FlatUIKit/Resources/Lato-BlackItalic.ttf"; sourceTree = "<group>"; };
		4F90079217BA9C14009D2480 /* Lato-Bold.ttf */ = {isa = PBXFileReference; lastKnownFileType = file; name = "Lato-Bold.ttf"; path = "../../../Source/FlatUIKit/Resources/Lato-Bold.ttf"; sourceTree = "<group>"; };
		4F90079317BA9C14009D2480 /* Lato-BoldItalic.ttf */ = {isa = PBXFileReference; lastKnownFileType = file; name = "Lato-BoldItalic.ttf"; path = "../../../Source/FlatUIKit/Resources/Lato-BoldItalic.ttf"; sourceTree = "<group>"; };
		4F90079417BA9C14009D2480 /* Lato-Hairline.ttf */ = {isa = PBXFileReference; lastKnownFileType = file; name = "Lato-Hairline.ttf"; path = "../../../Source/FlatUIKit/Resources/Lato-Hairline.ttf"; sourceTree = "<group>"; };
		4F90079517BA9C14009D2480 /* Lato-HairlineItalic.ttf */ = {isa = PBXFileReference; lastKnownFileType = file; name = "Lato-HairlineItalic.ttf"; path = "../../../Source/FlatUIKit/Resources/Lato-HairlineItalic.ttf"; sourceTree = "<group>"; };
		4F90079617BA9C14009D2480 /* Lato-Italic.ttf */ = {isa = PBXFileReference; lastKnownFileType = file; name = "Lato-Italic.ttf"; path = "../../../Source/FlatUIKit/Resources/Lato-Italic.ttf"; sourceTree = "<group>"; };
		4F90079717BA9C14009D2480 /* Lato-Light.ttf */ = {isa = PBXFileReference; lastKnownFileType = file; name = "Lato-Light.ttf"; path = "../../../Source/FlatUIKit/Resources/Lato-Light.ttf"; sourceTree = "<group>"; };
		4F90079817BA9C14009D2480 /* Lato-LightItalic.ttf */ = {isa = PBXFileReference; lastKnownFileType = file; name = "Lato-LightItalic.ttf"; path = "../../../Source/FlatUIKit/Resources/Lato-LightItalic.ttf"; sourceTree = "<group>"; };
		4F90079917BA9C14009D2480 /* Lato-Regular.ttf */ = {isa = PBXFileReference; lastKnownFileType = file; name = "Lato-Regular.ttf"; path = "../../../Source/FlatUIKit/Resources/Lato-Regular.ttf"; sourceTree = "<group>"; };
		4F9404D817AD8D700035D461 /* Sample.app */ = {isa = PBXFileReference; explicitFileType = wrapper.application; includeInIndex = 0; path = Sample.app; sourceTree = BUILT_PRODUCTS_DIR; };
		4F9404DB17AD8D700035D461 /* UIKit.framework */ = {isa = PBXFileReference; lastKnownFileType = wrapper.framework; name = UIKit.framework; path = System/Library/Frameworks/UIKit.framework; sourceTree = SDKROOT; };
		4F9404DD17AD8D700035D461 /* Foundation.framework */ = {isa = PBXFileReference; lastKnownFileType = wrapper.framework; name = Foundation.framework; path = System/Library/Frameworks/Foundation.framework; sourceTree = SDKROOT; };
		4F9404DF17AD8D700035D461 /* CoreGraphics.framework */ = {isa = PBXFileReference; lastKnownFileType = wrapper.framework; name = CoreGraphics.framework; path = System/Library/Frameworks/CoreGraphics.framework; sourceTree = SDKROOT; };
		4F9404E317AD8D700035D461 /* Sample-Info.plist */ = {isa = PBXFileReference; lastKnownFileType = text.plist.xml; path = "Sample-Info.plist"; sourceTree = "<group>"; };
		4F9404E517AD8D700035D461 /* en */ = {isa = PBXFileReference; lastKnownFileType = text.plist.strings; name = en; path = en.lproj/InfoPlist.strings; sourceTree = "<group>"; };
		4F9404E717AD8D700035D461 /* main.m */ = {isa = PBXFileReference; lastKnownFileType = sourcecode.c.objc; path = main.m; sourceTree = "<group>"; };
		4F9404E917AD8D700035D461 /* Sample-Prefix.pch */ = {isa = PBXFileReference; lastKnownFileType = sourcecode.c.h; path = "Sample-Prefix.pch"; sourceTree = "<group>"; };
		4F9404EA17AD8D700035D461 /* AppDelegate.h */ = {isa = PBXFileReference; lastKnownFileType = sourcecode.c.h; path = AppDelegate.h; sourceTree = "<group>"; };
		4F9404EB17AD8D700035D461 /* AppDelegate.m */ = {isa = PBXFileReference; lastKnownFileType = sourcecode.c.objc; path = AppDelegate.m; sourceTree = "<group>"; };
		4F9404ED17AD8D700035D461 /* Default.png */ = {isa = PBXFileReference; lastKnownFileType = image.png; path = Default.png; sourceTree = "<group>"; };
		4F9404EF17AD8D700035D461 /* Default@2x.png */ = {isa = PBXFileReference; lastKnownFileType = image.png; path = "Default@2x.png"; sourceTree = "<group>"; };
		4F9404F117AD8D700035D461 /* Default-568h@2x.png */ = {isa = PBXFileReference; lastKnownFileType = image.png; path = "Default-568h@2x.png"; sourceTree = "<group>"; };
		4F94063517AF0F410035D461 /* ViewController.h */ = {isa = PBXFileReference; fileEncoding = 4; lastKnownFileType = sourcecode.c.h; path = ViewController.h; sourceTree = "<group>"; };
		4F94063617AF0F410035D461 /* ViewController.m */ = {isa = PBXFileReference; fileEncoding = 4; lastKnownFileType = sourcecode.c.objc; path = ViewController.m; sourceTree = "<group>"; };
		4F94063D17AF12490035D461 /* CoreText.framework */ = {isa = PBXFileReference; lastKnownFileType = wrapper.framework; name = CoreText.framework; path = System/Library/Frameworks/CoreText.framework; sourceTree = SDKROOT; };
		4F94063F17AF12570035D461 /* QuartzCore.framework */ = {isa = PBXFileReference; lastKnownFileType = wrapper.framework; name = QuartzCore.framework; path = System/Library/Frameworks/QuartzCore.framework; sourceTree = SDKROOT; };
		4F94069E17AF15320035D461 /* CoreLocation.framework */ = {isa = PBXFileReference; lastKnownFileType = wrapper.framework; name = CoreLocation.framework; path = System/Library/Frameworks/CoreLocation.framework; sourceTree = SDKROOT; };
		4F9FD6E017B858BC00166870 /* FUIVerticalTabBar.h */ = {isa = PBXFileReference; fileEncoding = 4; lastKnownFileType = sourcecode.c.h; name = FUIVerticalTabBar.h; path = ../../../Source/FUIVerticalTabBar.h; sourceTree = "<group>"; };
		4F9FD6E117B858BC00166870 /* FUIVerticalTabBar.m */ = {isa = PBXFileReference; fileEncoding = 4; lastKnownFileType = sourcecode.c.objc; name = FUIVerticalTabBar.m; path = ../../../Source/FUIVerticalTabBar.m; sourceTree = "<group>"; };
		4F9FD6E217B858BC00166870 /* FUIVerticalTabBarButton.h */ = {isa = PBXFileReference; fileEncoding = 4; lastKnownFileType = sourcecode.c.h; name = FUIVerticalTabBarButton.h; path = ../../../Source/FUIVerticalTabBarButton.h; sourceTree = "<group>"; };
		4F9FD6E317B858BC00166870 /* FUIVerticalTabBarButton.m */ = {isa = PBXFileReference; fileEncoding = 4; lastKnownFileType = sourcecode.c.objc; name = FUIVerticalTabBarButton.m; path = ../../../Source/FUIVerticalTabBarButton.m; sourceTree = "<group>"; };
		4F9FD6E417B858BC00166870 /* FUIVerticalTabBarController.h */ = {isa = PBXFileReference; fileEncoding = 4; lastKnownFileType = sourcecode.c.h; name = FUIVerticalTabBarController.h; path = ../../../Source/FUIVerticalTabBarController.h; sourceTree = "<group>"; };
		4F9FD6E517B858BC00166870 /* FUIVerticalTabBarController.m */ = {isa = PBXFileReference; fileEncoding = 4; lastKnownFileType = sourcecode.c.objc; name = FUIVerticalTabBarController.m; path = ../../../Source/FUIVerticalTabBarController.m; sourceTree = "<group>"; };
/* End PBXFileReference section */

/* Begin PBXFrameworksBuildPhase section */
		4F9404D517AD8D700035D461 /* Frameworks */ = {
			isa = PBXFrameworksBuildPhase;
			buildActionMask = 2147483647;
			files = (
				4F94069F17AF15320035D461 /* CoreLocation.framework in Frameworks */,
				4F94064017AF12570035D461 /* QuartzCore.framework in Frameworks */,
				4F94063E17AF12490035D461 /* CoreText.framework in Frameworks */,
				4F9404DC17AD8D700035D461 /* UIKit.framework in Frameworks */,
				4F9404DE17AD8D700035D461 /* Foundation.framework in Frameworks */,
				4F9404E017AD8D700035D461 /* CoreGraphics.framework in Frameworks */,
			);
			runOnlyForDeploymentPostprocessing = 0;
		};
/* End PBXFrameworksBuildPhase section */

/* Begin PBXGroup section */
		4F90075717BA9B34009D2480 /* FlatUIKit */ = {
			isa = PBXGroup;
			children = (
				4F90078F17BA9C04009D2480 /* Fonts */,
				4F90075817BA9B3E009D2480 /* FlatUIKit.h */,
				4F90075917BA9B3E009D2480 /* FUIAlertView.h */,
				4F90075A17BA9B3E009D2480 /* FUIAlertView.m */,
				4F90075B17BA9B3E009D2480 /* FUIButton.h */,
				4F90075C17BA9B3E009D2480 /* FUIButton.m */,
				4F90075D17BA9B3E009D2480 /* FUICellBackgroundView.h */,
				4F90075E17BA9B3E009D2480 /* FUICellBackgroundView.m */,
				4F90075F17BA9B3E009D2480 /* FUIPopoverBackgroundView.h */,
				4F90076017BA9B3E009D2480 /* FUIPopoverBackgroundView.m */,
				4F90076117BA9B3E009D2480 /* FUISegmentedControl.h */,
				4F90076217BA9B3E009D2480 /* FUISegmentedControl.m */,
				4F90076317BA9B3E009D2480 /* FUISwitch.h */,
				4F90076417BA9B3E009D2480 /* FUISwitch.m */,
				4F90076517BA9B3E009D2480 /* UIBarButtonItem+FlatUI.h */,
				4F90076617BA9B3E009D2480 /* UIBarButtonItem+FlatUI.m */,
				4F90076717BA9B3E009D2480 /* UIColor+FlatUI.h */,
				4F90076817BA9B3E009D2480 /* UIColor+FlatUI.m */,
				4F90076917BA9B3E009D2480 /* UIFont+FlatUI.h */,
				4F90076A17BA9B3E009D2480 /* UIFont+FlatUI.m */,
				4F90076B17BA9B3E009D2480 /* UIImage+FlatUI.h */,
				4F90076C17BA9B3E009D2480 /* UIImage+FlatUI.m */,
				4F90076D17BA9B3E009D2480 /* UINavigationBar+FlatUI.h */,
				4F90076E17BA9B3E009D2480 /* UINavigationBar+FlatUI.m */,
				4F90076F17BA9B3E009D2480 /* UIPopoverController+FlatUI.h */,
				4F90077017BA9B3E009D2480 /* UIPopoverController+FlatUI.m */,
				4F90077117BA9B3E009D2480 /* UIProgressView+FlatUI.h */,
				4F90077217BA9B3E009D2480 /* UIProgressView+FlatUI.m */,
				4F90077317BA9B3E009D2480 /* UISlider+FlatUI.h */,
				4F90077417BA9B3E009D2480 /* UISlider+FlatUI.m */,
				4F90077517BA9B3E009D2480 /* UIStepper+FlatUI.h */,
				4F90077617BA9B3E009D2480 /* UIStepper+FlatUI.m */,
				4F90077717BA9B3E009D2480 /* UITabBar+FlatUI.h */,
				4F90077817BA9B3E009D2480 /* UITabBar+FlatUI.m */,
				4F90077917BA9B3E009D2480 /* UITableViewCell+FlatUI.h */,
				4F90077A17BA9B3E009D2480 /* UITableViewCell+FlatUI.m */,
				4F90077B17BA9B3E009D2480 /* UIToolbar+FlatUI.h */,
				4F90077C17BA9B3E009D2480 /* UIToolbar+FlatUI.m */,
			);
			name = FlatUIKit;
			sourceTree = "<group>";
		};
		4F90078F17BA9C04009D2480 /* Fonts */ = {
			isa = PBXGroup;
			children = (
				4F90079017BA9C14009D2480 /* Lato-Black.ttf */,
				4F90079117BA9C14009D2480 /* Lato-BlackItalic.ttf */,
				4F90079217BA9C14009D2480 /* Lato-Bold.ttf */,
				4F90079317BA9C14009D2480 /* Lato-BoldItalic.ttf */,
				4F90079417BA9C14009D2480 /* Lato-Hairline.ttf */,
				4F90079517BA9C14009D2480 /* Lato-HairlineItalic.ttf */,
				4F90079617BA9C14009D2480 /* Lato-Italic.ttf */,
				4F90079717BA9C14009D2480 /* Lato-Light.ttf */,
				4F90079817BA9C14009D2480 /* Lato-LightItalic.ttf */,
				4F90079917BA9C14009D2480 /* Lato-Regular.ttf */,
			);
			name = Fonts;
			sourceTree = "<group>";
		};
		4F9404CF17AD8D700035D461 = {
			isa = PBXGroup;
			children = (
				4F9404E117AD8D700035D461 /* Sample */,
				4F9FD6DF17B858B200166870 /* FUIVerticalTabBarController */,
				4F9404DA17AD8D700035D461 /* Frameworks */,
				4F9404D917AD8D700035D461 /* Products */,
			);
			sourceTree = "<group>";
		};
		4F9404D917AD8D700035D461 /* Products */ = {
			isa = PBXGroup;
			children = (
				4F9404D817AD8D700035D461 /* Sample.app */,
			);
			name = Products;
			sourceTree = "<group>";
		};
		4F9404DA17AD8D700035D461 /* Frameworks */ = {
			isa = PBXGroup;
			children = (
				4F94069E17AF15320035D461 /* CoreLocation.framework */,
				4F94063F17AF12570035D461 /* QuartzCore.framework */,
				4F94063D17AF12490035D461 /* CoreText.framework */,
				4F9404DB17AD8D700035D461 /* UIKit.framework */,
				4F9404DD17AD8D700035D461 /* Foundation.framework */,
				4F9404DF17AD8D700035D461 /* CoreGraphics.framework */,
			);
			name = Frameworks;
			sourceTree = "<group>";
		};
		4F9404E117AD8D700035D461 /* Sample */ = {
			isa = PBXGroup;
			children = (
				4F9404EA17AD8D700035D461 /* AppDelegate.h */,
				4F9404EB17AD8D700035D461 /* AppDelegate.m */,
				4F94063517AF0F410035D461 /* ViewController.h */,
				4F94063617AF0F410035D461 /* ViewController.m */,
				4F9404E217AD8D700035D461 /* Supporting Files */,
			);
			path = Sample;
			sourceTree = "<group>";
		};
		4F9404E217AD8D700035D461 /* Supporting Files */ = {
			isa = PBXGroup;
			children = (
				4F9404E317AD8D700035D461 /* Sample-Info.plist */,
				4F9404E417AD8D700035D461 /* InfoPlist.strings */,
				4F9404E717AD8D700035D461 /* main.m */,
				4F9404E917AD8D700035D461 /* Sample-Prefix.pch */,
				4F9404ED17AD8D700035D461 /* Default.png */,
				4F9404EF17AD8D700035D461 /* Default@2x.png */,
				4F9404F117AD8D700035D461 /* Default-568h@2x.png */,
			);
			name = "Supporting Files";
			sourceTree = "<group>";
		};
		4F9FD6DF17B858B200166870 /* FUIVerticalTabBarController */ = {
			isa = PBXGroup;
			children = (
				4F9FD6E017B858BC00166870 /* FUIVerticalTabBar.h */,
				4F9FD6E117B858BC00166870 /* FUIVerticalTabBar.m */,
				4F9FD6E217B858BC00166870 /* FUIVerticalTabBarButton.h */,
				4F9FD6E317B858BC00166870 /* FUIVerticalTabBarButton.m */,
				4F9FD6E417B858BC00166870 /* FUIVerticalTabBarController.h */,
				4F9FD6E517B858BC00166870 /* FUIVerticalTabBarController.m */,
				4F90075717BA9B34009D2480 /* FlatUIKit */,
			);
			name = FUIVerticalTabBarController;
			path = Sample;
			sourceTree = "<group>";
		};
/* End PBXGroup section */

/* Begin PBXNativeTarget section */
		4F9404D717AD8D700035D461 /* Sample */ = {
			isa = PBXNativeTarget;
			buildConfigurationList = 4F9404F517AD8D700035D461 /* Build configuration list for PBXNativeTarget "Sample" */;
			buildPhases = (
				4F9404D417AD8D700035D461 /* Sources */,
				4F9404D517AD8D700035D461 /* Frameworks */,
				4F9404D617AD8D700035D461 /* Resources */,
			);
			buildRules = (
			);
			dependencies = (
			);
			name = Sample;
			productName = Sample;
			productReference = 4F9404D817AD8D700035D461 /* Sample.app */;
			productType = "com.apple.product-type.application";
		};
/* End PBXNativeTarget section */

/* Begin PBXProject section */
		4F9404D017AD8D700035D461 /* Project object */ = {
			isa = PBXProject;
			attributes = {
				LastUpgradeCheck = 0460;
				ORGANIZATIONNAME = DZN;
				TargetAttributes = {
					4F9404D717AD8D700035D461 = {
						DevelopmentTeam = B29AGZ557Z;
					};
				};
			};
			buildConfigurationList = 4F9404D317AD8D700035D461 /* Build configuration list for PBXProject "Sample" */;
			compatibilityVersion = "Xcode 3.2";
			developmentRegion = English;
			hasScannedForEncodings = 0;
			knownRegions = (
				en,
			);
			mainGroup = 4F9404CF17AD8D700035D461;
			productRefGroup = 4F9404D917AD8D700035D461 /* Products */;
			projectDirPath = "";
			projectRoot = "";
			targets = (
				4F9404D717AD8D700035D461 /* Sample */,
			);
		};
/* End PBXProject section */

/* Begin PBXResourcesBuildPhase section */
		4F9404D617AD8D700035D461 /* Resources */ = {
			isa = PBXResourcesBuildPhase;
			buildActionMask = 2147483647;
			files = (
				4F9404E617AD8D700035D461 /* InfoPlist.strings in Resources */,
				4F9404EE17AD8D700035D461 /* Default.png in Resources */,
				4F9404F017AD8D700035D461 /* Default@2x.png in Resources */,
				4F9404F217AD8D700035D461 /* Default-568h@2x.png in Resources */,
				4F90079A17BA9C14009D2480 /* Lato-Black.ttf in Resources */,
				4F90079B17BA9C14009D2480 /* Lato-BlackItalic.ttf in Resources */,
				4F90079C17BA9C14009D2480 /* Lato-Bold.ttf in Resources */,
				4F90079D17BA9C14009D2480 /* Lato-BoldItalic.ttf in Resources */,
				4F90079E17BA9C14009D2480 /* Lato-Hairline.ttf in Resources */,
				4F90079F17BA9C14009D2480 /* Lato-HairlineItalic.ttf in Resources */,
				4F9007A017BA9C14009D2480 /* Lato-Italic.ttf in Resources */,
				4F9007A117BA9C14009D2480 /* Lato-Light.ttf in Resources */,
				4F9007A217BA9C14009D2480 /* Lato-LightItalic.ttf in Resources */,
				4F9007A317BA9C14009D2480 /* Lato-Regular.ttf in Resources */,
			);
			runOnlyForDeploymentPostprocessing = 0;
		};
/* End PBXResourcesBuildPhase section */

/* Begin PBXSourcesBuildPhase section */
		4F9404D417AD8D700035D461 /* Sources */ = {
			isa = PBXSourcesBuildPhase;
			buildActionMask = 2147483647;
			files = (
				4F9404E817AD8D700035D461 /* main.m in Sources */,
				4F9404EC17AD8D700035D461 /* AppDelegate.m in Sources */,
				4F94063717AF0F410035D461 /* ViewController.m in Sources */,
				4F9FD6E817B858BC00166870 /* FUIVerticalTabBar.m in Sources */,
				4F9FD6E917B858BC00166870 /* FUIVerticalTabBarButton.m in Sources */,
				4F9FD6EA17B858BC00166870 /* FUIVerticalTabBarController.m in Sources */,
				4F90077D17BA9B3E009D2480 /* FUIAlertView.m in Sources */,
				4F90077E17BA9B3E009D2480 /* FUIButton.m in Sources */,
				4F90077F17BA9B3E009D2480 /* FUICellBackgroundView.m in Sources */,
				4F90078017BA9B3E009D2480 /* FUIPopoverBackgroundView.m in Sources */,
				4F90078117BA9B3E009D2480 /* FUISegmentedControl.m in Sources */,
				4F90078217BA9B3E009D2480 /* FUISwitch.m in Sources */,
				4F90078317BA9B3E009D2480 /* UIBarButtonItem+FlatUI.m in Sources */,
				4F90078417BA9B3E009D2480 /* UIColor+FlatUI.m in Sources */,
				4F90078517BA9B3E009D2480 /* UIFont+FlatUI.m in Sources */,
				4F90078617BA9B3E009D2480 /* UIImage+FlatUI.m in Sources */,
				4F90078717BA9B3E009D2480 /* UINavigationBar+FlatUI.m in Sources */,
				4F90078817BA9B3E009D2480 /* UIPopoverController+FlatUI.m in Sources */,
				4F90078917BA9B3E009D2480 /* UIProgressView+FlatUI.m in Sources */,
				4F90078A17BA9B3E009D2480 /* UISlider+FlatUI.m in Sources */,
				4F90078B17BA9B3E009D2480 /* UIStepper+FlatUI.m in Sources */,
				4F90078C17BA9B3E009D2480 /* UITabBar+FlatUI.m in Sources */,
				4F90078D17BA9B3E009D2480 /* UITableViewCell+FlatUI.m in Sources */,
				4F90078E17BA9B3E009D2480 /* UIToolbar+FlatUI.m in Sources */,
			);
			runOnlyForDeploymentPostprocessing = 0;
		};
/* End PBXSourcesBuildPhase section */

/* Begin PBXVariantGroup section */
		4F9404E417AD8D700035D461 /* InfoPlist.strings */ = {
			isa = PBXVariantGroup;
			children = (
				4F9404E517AD8D700035D461 /* en */,
			);
			name = InfoPlist.strings;
			sourceTree = "<group>";
		};
/* End PBXVariantGroup section */

/* Begin XCBuildConfiguration section */
		4F9404F317AD8D700035D461 /* Debug */ = {
			isa = XCBuildConfiguration;
			buildSettings = {
				ALWAYS_SEARCH_USER_PATHS = NO;
				CLANG_CXX_LANGUAGE_STANDARD = "gnu++0x";
				CLANG_CXX_LIBRARY = "libc++";
				CLANG_ENABLE_OBJC_ARC = YES;
				CLANG_WARN_CONSTANT_CONVERSION = YES;
				CLANG_WARN_EMPTY_BODY = YES;
				CLANG_WARN_ENUM_CONVERSION = YES;
				CLANG_WARN_INT_CONVERSION = YES;
				CLANG_WARN__DUPLICATE_METHOD_MATCH = YES;
				COPY_PHASE_STRIP = NO;
				GCC_C_LANGUAGE_STANDARD = gnu99;
				GCC_DYNAMIC_NO_PIC = NO;
				GCC_OPTIMIZATION_LEVEL = 0;
				GCC_PREPROCESSOR_DEFINITIONS = (
					"DEBUG=1",
					"$(inherited)",
				);
				GCC_SYMBOLS_PRIVATE_EXTERN = NO;
				GCC_WARN_ABOUT_RETURN_TYPE = YES;
				GCC_WARN_UNINITIALIZED_AUTOS = YES;
				GCC_WARN_UNUSED_VARIABLE = YES;
				IPHONEOS_DEPLOYMENT_TARGET = 6.1;
				ONLY_ACTIVE_ARCH = YES;
				SDKROOT = iphoneos;
				TARGETED_DEVICE_FAMILY = 2;
			};
			name = Debug;
		};
		4F9404F417AD8D700035D461 /* Release */ = {
			isa = XCBuildConfiguration;
			buildSettings = {
				ALWAYS_SEARCH_USER_PATHS = NO;
				CLANG_CXX_LANGUAGE_STANDARD = "gnu++0x";
				CLANG_CXX_LIBRARY = "libc++";
				CLANG_ENABLE_OBJC_ARC = YES;
				CLANG_WARN_CONSTANT_CONVERSION = YES;
				CLANG_WARN_EMPTY_BODY = YES;
				CLANG_WARN_ENUM_CONVERSION = YES;
				CLANG_WARN_INT_CONVERSION = YES;
				CLANG_WARN__DUPLICATE_METHOD_MATCH = YES;
				COPY_PHASE_STRIP = YES;
				GCC_C_LANGUAGE_STANDARD = gnu99;
				GCC_WARN_ABOUT_RETURN_TYPE = YES;
				GCC_WARN_UNINITIALIZED_AUTOS = YES;
				GCC_WARN_UNUSED_VARIABLE = YES;
				IPHONEOS_DEPLOYMENT_TARGET = 6.1;
				OTHER_CFLAGS = "-DNS_BLOCK_ASSERTIONS=1";
				SDKROOT = iphoneos;
				TARGETED_DEVICE_FAMILY = 2;
				VALIDATE_PRODUCT = YES;
			};
			name = Release;
		};
		4F9404F617AD8D700035D461 /* Debug */ = {
			isa = XCBuildConfiguration;
			buildSettings = {
				CODE_SIGN_IDENTITY = "iPhone Developer";
				"CODE_SIGN_IDENTITY[sdk=iphoneos*]" = "iPhone Developer";
				GCC_PRECOMPILE_PREFIX_HEADER = YES;
				GCC_PREFIX_HEADER = "Sample/Sample-Prefix.pch";
				INFOPLIST_FILE = "Sample/Sample-Info.plist";
				PRODUCT_NAME = "$(TARGET_NAME)";
				PROVISIONING_PROFILE = "";
				TARGETED_DEVICE_FAMILY = "1,2";
				WRAPPER_EXTENSION = app;
			};
			name = Debug;
		};
		4F9404F717AD8D700035D461 /* Release */ = {
			isa = XCBuildConfiguration;
			buildSettings = {
				CODE_SIGN_IDENTITY = "iPhone Developer";
				"CODE_SIGN_IDENTITY[sdk=iphoneos*]" = "iPhone Developer";
				GCC_PRECOMPILE_PREFIX_HEADER = YES;
				GCC_PREFIX_HEADER = "Sample/Sample-Prefix.pch";
				INFOPLIST_FILE = "Sample/Sample-Info.plist";
				PRODUCT_NAME = "$(TARGET_NAME)";
				PROVISIONING_PROFILE = "";
				TARGETED_DEVICE_FAMILY = "1,2";
				WRAPPER_EXTENSION = app;
			};
			name = Release;
		};
/* End XCBuildConfiguration section */

/* Begin XCConfigurationList section */
		4F9404D317AD8D700035D461 /* Build configuration list for PBXProject "Sample" */ = {
			isa = XCConfigurationList;
			buildConfigurations = (
				4F9404F317AD8D700035D461 /* Debug */,
				4F9404F417AD8D700035D461 /* Release */,
			);
			defaultConfigurationIsVisible = 0;
			defaultConfigurationName = Release;
		};
		4F9404F517AD8D700035D461 /* Build configuration list for PBXNativeTarget "Sample" */ = {
			isa = XCConfigurationList;
			buildConfigurations = (
				4F9404F617AD8D700035D461 /* Debug */,
				4F9404F717AD8D700035D461 /* Release */,
			);
			defaultConfigurationIsVisible = 0;
			defaultConfigurationName = Release;
		};
/* End XCConfigurationList section */
	};
	rootObject = 4F9404D017AD8D700035D461 /* Project object */;
}
