// !$*UTF8*$!
{
	archiveVersion = 1;
	classes = {
	};
	objectVersion = 46;
	objects = {

/* Begin PBXBuildFile section */
		4F8ABCC4180CD020002408FE /* Podfile in Resources */ = {isa = PBXBuildFile; fileRef = 4F8ABCC3180CD020002408FE /* Podfile */; };
		4F9404DC17AD8D700035D461 /* UIKit.framework in Frameworks */ = {isa = PBXBuildFile; fileRef = 4F9404DB17AD8D700035D461 /* UIKit.framework */; };
		4F9404DE17AD8D700035D461 /* Foundation.framework in Frameworks */ = {isa = PBXBuildFile; fileRef = 4F9404DD17AD8D700035D461 /* Foundation.framework */; };
		4F9404E017AD8D700035D461 /* CoreGraphics.framework in Frameworks */ = {isa = PBXBuildFile; fileRef = 4F9404DF17AD8D700035D461 /* CoreGraphics.framework */; };
		4F9404E617AD8D700035D461 /* InfoPlist.strings in Resources */ = {isa = PBXBuildFile; fileRef = 4F9404E417AD8D700035D461 /* InfoPlist.strings */; };
		4F9404E817AD8D700035D461 /* main.m in Sources */ = {isa = PBXBuildFile; fileRef = 4F9404E717AD8D700035D461 /* main.m */; };
		4F9404EC17AD8D700035D461 /* AppDelegate.m in Sources */ = {isa = PBXBuildFile; fileRef = 4F9404EB17AD8D700035D461 /* AppDelegate.m */; };
		4F9404EE17AD8D700035D461 /* Default.png in Resources */ = {isa = PBXBuildFile; fileRef = 4F9404ED17AD8D700035D461 /* Default.png */; };
		4F9404F017AD8D700035D461 /* Default@2x.png in Resources */ = {isa = PBXBuildFile; fileRef = 4F9404EF17AD8D700035D461 /* Default@2x.png */; };
		4F9404F217AD8D700035D461 /* Default-568h@2x.png in Resources */ = {isa = PBXBuildFile; fileRef = 4F9404F117AD8D700035D461 /* Default-568h@2x.png */; };
		4F94063717AF0F410035D461 /* ViewController.m in Sources */ = {isa = PBXBuildFile; fileRef = 4F94063617AF0F410035D461 /* ViewController.m */; };
		4F94063E17AF12490035D461 /* CoreText.framework in Frameworks */ = {isa = PBXBuildFile; fileRef = 4F94063D17AF12490035D461 /* CoreText.framework */; };
		4F94064017AF12570035D461 /* QuartzCore.framework in Frameworks */ = {isa = PBXBuildFile; fileRef = 4F94063F17AF12570035D461 /* QuartzCore.framework */; };
		4F94069F17AF15320035D461 /* CoreLocation.framework in Frameworks */ = {isa = PBXBuildFile; fileRef = 4F94069E17AF15320035D461 /* CoreLocation.framework */; };
		4F9FD6E817B858BC00166870 /* FUIVerticalTabBar.m in Sources */ = {isa = PBXBuildFile; fileRef = 4F9FD6E117B858BC00166870 /* FUIVerticalTabBar.m */; };
		4F9FD6E917B858BC00166870 /* FUIVerticalTabBarButton.m in Sources */ = {isa = PBXBuildFile; fileRef = 4F9FD6E317B858BC00166870 /* FUIVerticalTabBarButton.m */; };
		4F9FD6EA17B858BC00166870 /* FUIVerticalTabBarController.m in Sources */ = {isa = PBXBuildFile; fileRef = 4F9FD6E517B858BC00166870 /* FUIVerticalTabBarController.m */; };
		FD083BCE0098400BB70D5A52 /* libPods.a in Frameworks */ = {isa = PBXBuildFile; fileRef = C5F783D62F56498192F8D11E /* libPods.a */; };
/* End PBXBuildFile section */

/* Begin PBXFileReference section */
		4F8ABCC3180CD020002408FE /* Podfile */ = {isa = PBXFileReference; fileEncoding = 4; lastKnownFileType = text; path = Podfile; sourceTree = SOURCE_ROOT; };
		4F9404D817AD8D700035D461 /* Sample.app */ = {isa = PBXFileReference; explicitFileType = wrapper.application; includeInIndex = 0; path = Sample.app; sourceTree = BUILT_PRODUCTS_DIR; };
		4F9404DB17AD8D700035D461 /* UIKit.framework */ = {isa = PBXFileReference; lastKnownFileType = wrapper.framework; name = UIKit.framework; path = System/Library/Frameworks/UIKit.framework; sourceTree = SDKROOT; };
		4F9404DD17AD8D700035D461 /* Foundation.framework */ = {isa = PBXFileReference; lastKnownFileType = wrapper.framework; name = Foundation.framework; path = System/Library/Frameworks/Foundation.framework; sourceTree = SDKROOT; };
		4F9404DF17AD8D700035D461 /* CoreGraphics.framework */ = {isa = PBXFileReference; lastKnownFileType = wrapper.framework; name = CoreGraphics.framework; path = System/Library/Frameworks/CoreGraphics.framework; sourceTree = SDKROOT; };
		4F9404E317AD8D700035D461 /* Sample-Info.plist */ = {isa = PBXFileReference; lastKnownFileType = text.plist.xml; path = "Sample-Info.plist"; sourceTree = "<group>"; };
		4F9404E517AD8D700035D461 /* en */ = {isa = PBXFileReference; lastKnownFileType = text.plist.strings; name = en; path = en.lproj/InfoPlist.strings; sourceTree = "<group>"; };
		4F9404E717AD8D700035D461 /* main.m */ = {isa = PBXFileReference; lastKnownFileType = sourcecode.c.objc; path = main.m; sourceTree = "<group>"; };
		4F9404E917AD8D700035D461 /* Sample-Prefix.pch */ = {isa = PBXFileReference; lastKnownFileType = sourcecode.c.h; path = "Sample-Prefix.pch"; sourceTree = "<group>"; };
		4F9404EA17AD8D700035D461 /* AppDelegate.h */ = {isa = PBXFileReference; lastKnownFileType = sourcecode.c.h; path = AppDelegate.h; sourceTree = "<group>"; };
		4F9404EB17AD8D700035D461 /* AppDelegate.m */ = {isa = PBXFileReference; lastKnownFileType = sourcecode.c.objc; path = AppDelegate.m; sourceTree = "<group>"; };
		4F9404ED17AD8D700035D461 /* Default.png */ = {isa = PBXFileReference; lastKnownFileType = image.png; path = Default.png; sourceTree = "<group>"; };
		4F9404EF17AD8D700035D461 /* Default@2x.png */ = {isa = PBXFileReference; lastKnownFileType = image.png; path = "Default@2x.png"; sourceTree = "<group>"; };
		4F9404F117AD8D700035D461 /* Default-568h@2x.png */ = {isa = PBXFileReference; lastKnownFileType = image.png; path = "Default-568h@2x.png"; sourceTree = "<group>"; };
		4F94063517AF0F410035D461 /* ViewController.h */ = {isa = PBXFileReference; fileEncoding = 4; lastKnownFileType = sourcecode.c.h; path = ViewController.h; sourceTree = "<group>"; };
		4F94063617AF0F410035D461 /* ViewController.m */ = {isa = PBXFileReference; fileEncoding = 4; lastKnownFileType = sourcecode.c.objc; path = ViewController.m; sourceTree = "<group>"; };
		4F94063D17AF12490035D461 /* CoreText.framework */ = {isa = PBXFileReference; lastKnownFileType = wrapper.framework; name = CoreText.framework; path = System/Library/Frameworks/CoreText.framework; sourceTree = SDKROOT; };
		4F94063F17AF12570035D461 /* QuartzCore.framework */ = {isa = PBXFileReference; lastKnownFileType = wrapper.framework; name = QuartzCore.framework; path = System/Library/Frameworks/QuartzCore.framework; sourceTree = SDKROOT; };
		4F94069E17AF15320035D461 /* CoreLocation.framework */ = {isa = PBXFileReference; lastKnownFileType = wrapper.framework; name = CoreLocation.framework; path = System/Library/Frameworks/CoreLocation.framework; sourceTree = SDKROOT; };
		4F9FD6E017B858BC00166870 /* FUIVerticalTabBar.h */ = {isa = PBXFileReference; fileEncoding = 4; lastKnownFileType = sourcecode.c.h; name = FUIVerticalTabBar.h; path = ../../../Source/FUIVerticalTabBar.h; sourceTree = "<group>"; };
		4F9FD6E117B858BC00166870 /* FUIVerticalTabBar.m */ = {isa = PBXFileReference; fileEncoding = 4; lastKnownFileType = sourcecode.c.objc; name = FUIVerticalTabBar.m; path = ../../../Source/FUIVerticalTabBar.m; sourceTree = "<group>"; };
		4F9FD6E217B858BC00166870 /* FUIVerticalTabBarButton.h */ = {isa = PBXFileReference; fileEncoding = 4; lastKnownFileType = sourcecode.c.h; name = FUIVerticalTabBarButton.h; path = ../../../Source/FUIVerticalTabBarButton.h; sourceTree = "<group>"; };
		4F9FD6E317B858BC00166870 /* FUIVerticalTabBarButton.m */ = {isa = PBXFileReference; fileEncoding = 4; lastKnownFileType = sourcecode.c.objc; name = FUIVerticalTabBarButton.m; path = ../../../Source/FUIVerticalTabBarButton.m; sourceTree = "<group>"; };
		4F9FD6E417B858BC00166870 /* FUIVerticalTabBarController.h */ = {isa = PBXFileReference; fileEncoding = 4; lastKnownFileType = sourcecode.c.h; name = FUIVerticalTabBarController.h; path = ../../../Source/FUIVerticalTabBarController.h; sourceTree = "<group>"; };
		4F9FD6E517B858BC00166870 /* FUIVerticalTabBarController.m */ = {isa = PBXFileReference; fileEncoding = 4; lastKnownFileType = sourcecode.c.objc; name = FUIVerticalTabBarController.m; path = ../../../Source/FUIVerticalTabBarController.m; sourceTree = "<group>"; };
		7479F48D85EB445FB4D70E41 /* Pods.xcconfig */ = {isa = PBXFileReference; includeInIndex = 1; lastKnownFileType = text.xcconfig; name = Pods.xcconfig; path = Pods/Pods.xcconfig; sourceTree = SOURCE_ROOT; };
		C5F783D62F56498192F8D11E /* libPods.a */ = {isa = PBXFileReference; explicitFileType = archive.ar; includeInIndex = 0; path = libPods.a; sourceTree = BUILT_PRODUCTS_DIR; };
/* End PBXFileReference section */

/* Begin PBXFrameworksBuildPhase section */
		4F9404D517AD8D700035D461 /* Frameworks */ = {
			isa = PBXFrameworksBuildPhase;
			buildActionMask = 2147483647;
			files = (
				4F94069F17AF15320035D461 /* CoreLocation.framework in Frameworks */,
				4F94064017AF12570035D461 /* QuartzCore.framework in Frameworks */,
				4F94063E17AF12490035D461 /* CoreText.framework in Frameworks */,
				4F9404DC17AD8D700035D461 /* UIKit.framework in Frameworks */,
				4F9404DE17AD8D700035D461 /* Foundation.framework in Frameworks */,
				4F9404E017AD8D700035D461 /* CoreGraphics.framework in Frameworks */,
				FD083BCE0098400BB70D5A52 /* libPods.a in Frameworks */,
			);
			runOnlyForDeploymentPostprocessing = 0;
		};
/* End PBXFrameworksBuildPhase section */

/* Begin PBXGroup section */
		4F9404CF17AD8D700035D461 = {
			isa = PBXGroup;
			children = (
				4F9404E117AD8D700035D461 /* Sample */,
				4F9FD6DF17B858B200166870 /* FUIVerticalTabBarController */,
				4F9404DA17AD8D700035D461 /* Frameworks */,
				4F9404D917AD8D700035D461 /* Products */,
				7479F48D85EB445FB4D70E41 /* Pods.xcconfig */,
			);
			sourceTree = "<group>";
		};
		4F9404D917AD8D700035D461 /* Products */ = {
			isa = PBXGroup;
			children = (
				4F9404D817AD8D700035D461 /* Sample.app */,
			);
			name = Products;
			sourceTree = "<group>";
		};
		4F9404DA17AD8D700035D461 /* Frameworks */ = {
			isa = PBXGroup;
			children = (
				4F94069E17AF15320035D461 /* CoreLocation.framework */,
				4F94063F17AF12570035D461 /* QuartzCore.framework */,
				4F94063D17AF12490035D461 /* CoreText.framework */,
				4F9404DB17AD8D700035D461 /* UIKit.framework */,
				4F9404DD17AD8D700035D461 /* Foundation.framework */,
				4F9404DF17AD8D700035D461 /* CoreGraphics.framework */,
				C5F783D62F56498192F8D11E /* libPods.a */,
			);
			name = Frameworks;
			sourceTree = "<group>";
		};
		4F9404E117AD8D700035D461 /* Sample */ = {
			isa = PBXGroup;
			children = (
				4F9404EA17AD8D700035D461 /* AppDelegate.h */,
				4F9404EB17AD8D700035D461 /* AppDelegate.m */,
				4F94063517AF0F410035D461 /* ViewController.h */,
				4F94063617AF0F410035D461 /* ViewController.m */,
				4F9404E217AD8D700035D461 /* Supporting Files */,
			);
			path = Sample;
			sourceTree = "<group>";
		};
		4F9404E217AD8D700035D461 /* Supporting Files */ = {
			isa = PBXGroup;
			children = (
				4F8ABCC3180CD020002408FE /* Podfile */,
				4F9404E317AD8D700035D461 /* Sample-Info.plist */,
				4F9404E417AD8D700035D461 /* InfoPlist.strings */,
				4F9404E717AD8D700035D461 /* main.m */,
				4F9404E917AD8D700035D461 /* Sample-Prefix.pch */,
				4F9404ED17AD8D700035D461 /* Default.png */,
				4F9404EF17AD8D700035D461 /* Default@2x.png */,
				4F9404F117AD8D700035D461 /* Default-568h@2x.png */,
			);
			name = "Supporting Files";
			sourceTree = "<group>";
		};
		4F9FD6DF17B858B200166870 /* FUIVerticalTabBarController */ = {
			isa = PBXGroup;
			children = (
				4F9FD6E017B858BC00166870 /* FUIVerticalTabBar.h */,
				4F9FD6E117B858BC00166870 /* FUIVerticalTabBar.m */,
				4F9FD6E217B858BC00166870 /* FUIVerticalTabBarButton.h */,
				4F9FD6E317B858BC00166870 /* FUIVerticalTabBarButton.m */,
				4F9FD6E417B858BC00166870 /* FUIVerticalTabBarController.h */,
				4F9FD6E517B858BC00166870 /* FUIVerticalTabBarController.m */,
			);
			name = FUIVerticalTabBarController;
			path = Sample;
			sourceTree = "<group>";
		};
/* End PBXGroup section */

/* Begin PBXNativeTarget section */
		4F9404D717AD8D700035D461 /* Sample */ = {
			isa = PBXNativeTarget;
			buildConfigurationList = 4F9404F517AD8D700035D461 /* Build configuration list for PBXNativeTarget "Sample" */;
			buildPhases = (
				42A594FBB5C64D68A6484F7A /* Check Pods Manifest.lock */,
				4F9404D417AD8D700035D461 /* Sources */,
				4F9404D517AD8D700035D461 /* Frameworks */,
				4F9404D617AD8D700035D461 /* Resources */,
				555B844929A24D4A9AED22AB /* Copy Pods Resources */,
			);
			buildRules = (
			);
			dependencies = (
			);
			name = Sample;
			productName = Sample;
			productReference = 4F9404D817AD8D700035D461 /* Sample.app */;
			productType = "com.apple.product-type.application";
		};
/* End PBXNativeTarget section */

/* Begin PBXProject section */
		4F9404D017AD8D700035D461 /* Project object */ = {
			isa = PBXProject;
			attributes = {
				LastUpgradeCheck = 0460;
				ORGANIZATIONNAME = DZN;
				TargetAttributes = {
					4F9404D717AD8D700035D461 = {
						DevelopmentTeam = B29AGZ557Z;
					};
				};
			};
			buildConfigurationList = 4F9404D317AD8D700035D461 /* Build configuration list for PBXProject "Sample" */;
			compatibilityVersion = "Xcode 3.2";
			developmentRegion = English;
			hasScannedForEncodings = 0;
			knownRegions = (
				en,
			);
			mainGroup = 4F9404CF17AD8D700035D461;
			productRefGroup = 4F9404D917AD8D700035D461 /* Products */;
			projectDirPath = "";
			projectRoot = "";
			targets = (
				4F9404D717AD8D700035D461 /* Sample */,
			);
		};
/* End PBXProject section */

/* Begin PBXResourcesBuildPhase section */
		4F9404D617AD8D700035D461 /* Resources */ = {
			isa = PBXResourcesBuildPhase;
			buildActionMask = 2147483647;
			files = (
				4F8ABCC4180CD020002408FE /* Podfile in Resources */,
				4F9404E617AD8D700035D461 /* InfoPlist.strings in Resources */,
				4F9404EE17AD8D700035D461 /* Default.png in Resources */,
				4F9404F017AD8D700035D461 /* Default@2x.png in Resources */,
				4F9404F217AD8D700035D461 /* Default-568h@2x.png in Resources */,
			);
			runOnlyForDeploymentPostprocessing = 0;
		};
/* End PBXResourcesBuildPhase section */

/* Begin PBXShellScriptBuildPhase section */
		42A594FBB5C64D68A6484F7A /* Check Pods Manifest.lock */ = {
			isa = PBXShellScriptBuildPhase;
			buildActionMask = 2147483647;
			files = (
			);
			inputPaths = (
			);
			name = "Check Pods Manifest.lock";
			outputPaths = (
			);
			runOnlyForDeploymentPostprocessing = 0;
			shellPath = /bin/sh;
			shellScript = "diff \"${PODS_ROOT}/../Podfile.lock\" \"${PODS_ROOT}/Manifest.lock\" > /dev/null\nif [[ $? != 0 ]] ; then\n    cat << EOM\nerror: The sandbox is not in sync with the Podfile.lock. Run 'pod install' or update your CocoaPods installation.\nEOM\n    exit 1\nfi\n";
			showEnvVarsInLog = 0;
		};
		555B844929A24D4A9AED22AB /* Copy Pods Resources */ = {
			isa = PBXShellScriptBuildPhase;
			buildActionMask = 2147483647;
			files = (
			);
			inputPaths = (
			);
			name = "Copy Pods Resources";
			outputPaths = (
			);
			runOnlyForDeploymentPostprocessing = 0;
			shellPath = /bin/sh;
			shellScript = "\"${SRCROOT}/Pods/Pods-resources.sh\"\n";
			showEnvVarsInLog = 0;
		};
/* End PBXShellScriptBuildPhase section */

/* Begin PBXSourcesBuildPhase section */
		4F9404D417AD8D700035D461 /* Sources */ = {
			isa = PBXSourcesBuildPhase;
			buildActionMask = 2147483647;
			files = (
				4F9404E817AD8D700035D461 /* main.m in Sources */,
				4F9404EC17AD8D700035D461 /* AppDelegate.m in Sources */,
				4F94063717AF0F410035D461 /* ViewController.m in Sources */,
				4F9FD6E817B858BC00166870 /* FUIVerticalTabBar.m in Sources */,
				4F9FD6E917B858BC00166870 /* FUIVerticalTabBarButton.m in Sources */,
				4F9FD6EA17B858BC00166870 /* FUIVerticalTabBarController.m in Sources */,
			);
			runOnlyForDeploymentPostprocessing = 0;
		};
/* End PBXSourcesBuildPhase section */

/* Begin PBXVariantGroup section */
		4F9404E417AD8D700035D461 /* InfoPlist.strings */ = {
			isa = PBXVariantGroup;
			children = (
				4F9404E517AD8D700035D461 /* en */,
			);
			name = InfoPlist.strings;
			sourceTree = "<group>";
		};
/* End PBXVariantGroup section */

/* Begin XCBuildConfiguration section */
		4F9404F317AD8D700035D461 /* Debug */ = {
			isa = XCBuildConfiguration;
			buildSettings = {
				ALWAYS_SEARCH_USER_PATHS = NO;
				CLANG_CXX_LANGUAGE_STANDARD = "gnu++0x";
				CLANG_CXX_LIBRARY = "libc++";
				CLANG_ENABLE_OBJC_ARC = YES;
				CLANG_WARN_CONSTANT_CONVERSION = YES;
				CLANG_WARN_EMPTY_BODY = YES;
				CLANG_WARN_ENUM_CONVERSION = YES;
				CLANG_WARN_INT_CONVERSION = YES;
				CLANG_WARN__DUPLICATE_METHOD_MATCH = YES;
				COPY_PHASE_STRIP = NO;
				GCC_C_LANGUAGE_STANDARD = gnu99;
				GCC_DYNAMIC_NO_PIC = NO;
				GCC_OPTIMIZATION_LEVEL = 0;
				GCC_PREPROCESSOR_DEFINITIONS = (
					"DEBUG=1",
					"$(inherited)",
				);
				GCC_SYMBOLS_PRIVATE_EXTERN = NO;
				GCC_WARN_ABOUT_RETURN_TYPE = YES;
				GCC_WARN_UNINITIALIZED_AUTOS = YES;
				GCC_WARN_UNUSED_VARIABLE = YES;
				IPHONEOS_DEPLOYMENT_TARGET = 6.0;
				ONLY_ACTIVE_ARCH = YES;
				SDKROOT = iphoneos;
				TARGETED_DEVICE_FAMILY = 2;
			};
			name = Debug;
		};
		4F9404F417AD8D700035D461 /* Release */ = {
			isa = XCBuildConfiguration;
			buildSettings = {
				ALWAYS_SEARCH_USER_PATHS = NO;
				CLANG_CXX_LANGUAGE_STANDARD = "gnu++0x";
				CLANG_CXX_LIBRARY = "libc++";
				CLANG_ENABLE_OBJC_ARC = YES;
				CLANG_WARN_CONSTANT_CONVERSION = YES;
				CLANG_WARN_EMPTY_BODY = YES;
				CLANG_WARN_ENUM_CONVERSION = YES;
				CLANG_WARN_INT_CONVERSION = YES;
				CLANG_WARN__DUPLICATE_METHOD_MATCH = YES;
				COPY_PHASE_STRIP = YES;
				GCC_C_LANGUAGE_STANDARD = gnu99;
				GCC_WARN_ABOUT_RETURN_TYPE = YES;
				GCC_WARN_UNINITIALIZED_AUTOS = YES;
				GCC_WARN_UNUSED_VARIABLE = YES;
				IPHONEOS_DEPLOYMENT_TARGET = 6.0;
				OTHER_CFLAGS = "-DNS_BLOCK_ASSERTIONS=1";
				SDKROOT = iphoneos;
				TARGETED_DEVICE_FAMILY = 2;
				VALIDATE_PRODUCT = YES;
			};
			name = Release;
		};
		4F9404F617AD8D700035D461 /* Debug */ = {
			isa = XCBuildConfiguration;
			baseConfigurationReference = 7479F48D85EB445FB4D70E41 /* Pods.xcconfig */;
			buildSettings = {
				CODE_SIGN_IDENTITY = "iPhone Developer";
				"CODE_SIGN_IDENTITY[sdk=iphoneos*]" = "iPhone Developer";
				GCC_PRECOMPILE_PREFIX_HEADER = YES;
				GCC_PREFIX_HEADER = "Sample/Sample-Prefix.pch";
				INFOPLIST_FILE = "Sample/Sample-Info.plist";
				IPHONEOS_DEPLOYMENT_TARGET = 7.0;
				PRODUCT_NAME = "$(TARGET_NAME)";
				PROVISIONING_PROFILE = "";
				TARGETED_DEVICE_FAMILY = "1,2";
				WRAPPER_EXTENSION = app;
			};
			name = Debug;
		};
		4F9404F717AD8D700035D461 /* Release */ = {
			isa = XCBuildConfiguration;
			baseConfigurationReference = 7479F48D85EB445FB4D70E41 /* Pods.xcconfig */;
			buildSettings = {
				CODE_SIGN_IDENTITY = "iPhone Developer";
				"CODE_SIGN_IDENTITY[sdk=iphoneos*]" = "iPhone Developer";
				GCC_PRECOMPILE_PREFIX_HEADER = YES;
				GCC_PREFIX_HEADER = "Sample/Sample-Prefix.pch";
				INFOPLIST_FILE = "Sample/Sample-Info.plist";
				IPHONEOS_DEPLOYMENT_TARGET = 7.0;
				PRODUCT_NAME = "$(TARGET_NAME)";
				PROVISIONING_PROFILE = "";
				TARGETED_DEVICE_FAMILY = "1,2";
				WRAPPER_EXTENSION = app;
			};
			name = Release;
		};
/* End XCBuildConfiguration section */

/* Begin XCConfigurationList section */
		4F9404D317AD8D700035D461 /* Build configuration list for PBXProject "Sample" */ = {
			isa = XCConfigurationList;
			buildConfigurations = (
				4F9404F317AD8D700035D461 /* Debug */,
				4F9404F417AD8D700035D461 /* Release */,
			);
			defaultConfigurationIsVisible = 0;
			defaultConfigurationName = Release;
		};
		4F9404F517AD8D700035D461 /* Build configuration list for PBXNativeTarget "Sample" */ = {
			isa = XCConfigurationList;
			buildConfigurations = (
				4F9404F617AD8D700035D461 /* Debug */,
				4F9404F717AD8D700035D461 /* Release */,
			);
			defaultConfigurationIsVisible = 0;
			defaultConfigurationName = Release;
		};
/* End XCConfigurationList section */
	};
	rootObject = 4F9404D017AD8D700035D461 /* Project object */;
}
